
Microsoft Visual Studio Solution File, Format Version 12.00
# Visual Studio Version 16
VisualStudioVersion = 16.0.29806.167
MinimumVisualStudioVersion = 10.0.40219.1
Project("{FAE04EC0-301F-11D3-BF4B-00C04F79EFBC}") = "Taxi.Common", "Taxi.Common\Taxi.Common.csproj", "{E236E481-A910-467F-9F16-D0AC6AA07FBF}"
EndProject
Project("{FAE04EC0-301F-11D3-BF4B-00C04F79EFBC}") = "Taxi.Web", "Taxi.Web\Taxi.Web.csproj", "{7E318E96-0747-41C5-B8A4-4C29F53DB5BE}"
EndProject
Project("{FAE04EC0-301F-11D3-BF4B-00C04F79EFBC}") = "Taxi.Prism", "Taxi.Prism\Taxi.Prism\Taxi.Prism.csproj", "{F03307AD-707B-451C-9295-27D982069E85}"
EndProject
Project("{FAE04EC0-301F-11D3-BF4B-00C04F79EFBC}") = "Taxi.Prism.Android", "Taxi.Prism\Taxi.Prism.Android\Taxi.Prism.Android.csproj", "{6DA05622-22ED-4D50-ABF0-0C30B54C3C7B}"
EndProject
Project("{FAE04EC0-301F-11D3-BF4B-00C04F79EFBC}") = "Taxi.Prism.iOS", "Taxi.Prism\Taxi.Prism.iOS\Taxi.Prism.iOS.csproj", "{574B090F-A24C-4A51-A4C0-49DA0958B39A}"
EndProject
Project("{FAE04EC0-301F-11D3-BF4B-00C04F79EFBC}") = "Taxi.Cross.Android", "Taxi.Cross.Android\Taxi.Cross.Android.csproj", "{37CCB109-C1FB-4F0F-863C-4249E08DF003}"
EndProject
Project("{FAE04EC0-301F-11D3-BF4B-00C04F79EFBC}") = "Taxi.Cross.IOS", "Taxi.Cross.IOS\Taxi.Cross.IOS.csproj", "{BD28F343-DE44-486B-BF5F-EE08A543B700}"
EndProject
Global
	GlobalSection(SolutionConfigurationPlatforms) = preSolution
		Ad-Hoc|Any CPU = Ad-Hoc|Any CPU
		Ad-Hoc|iPhone = Ad-Hoc|iPhone
		Ad-Hoc|iPhoneSimulator = Ad-Hoc|iPhoneSimulator
		AppStore|Any CPU = AppStore|Any CPU
		AppStore|iPhone = AppStore|iPhone
		AppStore|iPhoneSimulator = AppStore|iPhoneSimulator
		Debug|Any CPU = Debug|Any CPU
		Debug|iPhone = Debug|iPhone
		Debug|iPhoneSimulator = Debug|iPhoneSimulator
		Release|Any CPU = Release|Any CPU
		Release|iPhone = Release|iPhone
		Release|iPhoneSimulator = Release|iPhoneSimulator
	EndGlobalSection
	GlobalSection(ProjectConfigurationPlatforms) = postSolution
		{E236E481-A910-467F-9F16-D0AC6AA07FBF}.Ad-Hoc|Any CPU.ActiveCfg = Debug|Any CPU
		{E236E481-A910-467F-9F16-D0AC6AA07FBF}.Ad-Hoc|Any CPU.Build.0 = Debug|Any CPU
		{E236E481-A910-467F-9F16-D0AC6AA07FBF}.Ad-Hoc|iPhone.ActiveCfg = Debug|Any CPU
		{E236E481-A910-467F-9F16-D0AC6AA07FBF}.Ad-Hoc|iPhone.Build.0 = Debug|Any CPU
		{E236E481-A910-467F-9F16-D0AC6AA07FBF}.Ad-Hoc|iPhoneSimulator.ActiveCfg = Debug|Any CPU
		{E236E481-A910-467F-9F16-D0AC6AA07FBF}.Ad-Hoc|iPhoneSimulator.Build.0 = Debug|Any CPU
		{E236E481-A910-467F-9F16-D0AC6AA07FBF}.AppStore|Any CPU.ActiveCfg = Debug|Any CPU
		{E236E481-A910-467F-9F16-D0AC6AA07FBF}.AppStore|Any CPU.Build.0 = Debug|Any CPU
		{E236E481-A910-467F-9F16-D0AC6AA07FBF}.AppStore|iPhone.ActiveCfg = Debug|Any CPU
		{E236E481-A910-467F-9F16-D0AC6AA07FBF}.AppStore|iPhone.Build.0 = Debug|Any CPU
		{E236E481-A910-467F-9F16-D0AC6AA07FBF}.AppStore|iPhoneSimulator.ActiveCfg = Debug|Any CPU
		{E236E481-A910-467F-9F16-D0AC6AA07FBF}.AppStore|iPhoneSimulator.Build.0 = Debug|Any CPU
		{E236E481-A910-467F-9F16-D0AC6AA07FBF}.Debug|Any CPU.ActiveCfg = Debug|Any CPU
		{E236E481-A910-467F-9F16-D0AC6AA07FBF}.Debug|Any CPU.Build.0 = Debug|Any CPU
		{E236E481-A910-467F-9F16-D0AC6AA07FBF}.Debug|iPhone.ActiveCfg = Debug|Any CPU
		{E236E481-A910-467F-9F16-D0AC6AA07FBF}.Debug|iPhone.Build.0 = Debug|Any CPU
		{E236E481-A910-467F-9F16-D0AC6AA07FBF}.Debug|iPhoneSimulator.ActiveCfg = Debug|Any CPU
		{E236E481-A910-467F-9F16-D0AC6AA07FBF}.Debug|iPhoneSimulator.Build.0 = Debug|Any CPU
		{E236E481-A910-467F-9F16-D0AC6AA07FBF}.Release|Any CPU.ActiveCfg = Release|Any CPU
		{E236E481-A910-467F-9F16-D0AC6AA07FBF}.Release|Any CPU.Build.0 = Release|Any CPU
		{E236E481-A910-467F-9F16-D0AC6AA07FBF}.Release|iPhone.ActiveCfg = Release|Any CPU
		{E236E481-A910-467F-9F16-D0AC6AA07FBF}.Release|iPhone.Build.0 = Release|Any CPU
		{E236E481-A910-467F-9F16-D0AC6AA07FBF}.Release|iPhoneSimulator.ActiveCfg = Release|Any CPU
		{E236E481-A910-467F-9F16-D0AC6AA07FBF}.Release|iPhoneSimulator.Build.0 = Release|Any CPU
		{7E318E96-0747-41C5-B8A4-4C29F53DB5BE}.Ad-Hoc|Any CPU.ActiveCfg = Debug|Any CPU
		{7E318E96-0747-41C5-B8A4-4C29F53DB5BE}.Ad-Hoc|Any CPU.Build.0 = Debug|Any CPU
		{7E318E96-0747-41C5-B8A4-4C29F53DB5BE}.Ad-Hoc|iPhone.ActiveCfg = Debug|Any CPU
		{7E318E96-0747-41C5-B8A4-4C29F53DB5BE}.Ad-Hoc|iPhone.Build.0 = Debug|Any CPU
		{7E318E96-0747-41C5-B8A4-4C29F53DB5BE}.Ad-Hoc|iPhoneSimulator.ActiveCfg = Debug|Any CPU
		{7E318E96-0747-41C5-B8A4-4C29F53DB5BE}.Ad-Hoc|iPhoneSimulator.Build.0 = Debug|Any CPU
		{7E318E96-0747-41C5-B8A4-4C29F53DB5BE}.AppStore|Any CPU.ActiveCfg = Debug|Any CPU
		{7E318E96-0747-41C5-B8A4-4C29F53DB5BE}.AppStore|Any CPU.Build.0 = Debug|Any CPU
		{7E318E96-0747-41C5-B8A4-4C29F53DB5BE}.AppStore|iPhone.ActiveCfg = Debug|Any CPU
		{7E318E96-0747-41C5-B8A4-4C29F53DB5BE}.AppStore|iPhone.Build.0 = Debug|Any CPU
		{7E318E96-0747-41C5-B8A4-4C29F53DB5BE}.AppStore|iPhoneSimulator.ActiveCfg = Debug|Any CPU
		{7E318E96-0747-41C5-B8A4-4C29F53DB5BE}.AppStore|iPhoneSimulator.Build.0 = Debug|Any CPU
		{7E318E96-0747-41C5-B8A4-4C29F53DB5BE}.Debug|Any CPU.ActiveCfg = Debug|Any CPU
		{7E318E96-0747-41C5-B8A4-4C29F53DB5BE}.Debug|Any CPU.Build.0 = Debug|Any CPU
		{7E318E96-0747-41C5-B8A4-4C29F53DB5BE}.Debug|iPhone.ActiveCfg = Debug|Any CPU
		{7E318E96-0747-41C5-B8A4-4C29F53DB5BE}.Debug|iPhone.Build.0 = Debug|Any CPU
		{7E318E96-0747-41C5-B8A4-4C29F53DB5BE}.Debug|iPhoneSimulator.ActiveCfg = Debug|Any CPU
		{7E318E96-0747-41C5-B8A4-4C29F53DB5BE}.Debug|iPhoneSimulator.Build.0 = Debug|Any CPU
		{7E318E96-0747-41C5-B8A4-4C29F53DB5BE}.Release|Any CPU.ActiveCfg = Release|Any CPU
		{7E318E96-0747-41C5-B8A4-4C29F53DB5BE}.Release|Any CPU.Build.0 = Release|Any CPU
		{7E318E96-0747-41C5-B8A4-4C29F53DB5BE}.Release|iPhone.ActiveCfg = Release|Any CPU
		{7E318E96-0747-41C5-B8A4-4C29F53DB5BE}.Release|iPhone.Build.0 = Release|Any CPU
		{7E318E96-0747-41C5-B8A4-4C29F53DB5BE}.Release|iPhoneSimulator.ActiveCfg = Release|Any CPU
		{7E318E96-0747-41C5-B8A4-4C29F53DB5BE}.Release|iPhoneSimulator.Build.0 = Release|Any CPU
		{F03307AD-707B-451C-9295-27D982069E85}.Ad-Hoc|Any CPU.ActiveCfg = Debug|Any CPU
		{F03307AD-707B-451C-9295-27D982069E85}.Ad-Hoc|Any CPU.Build.0 = Debug|Any CPU
		{F03307AD-707B-451C-9295-27D982069E85}.Ad-Hoc|iPhone.ActiveCfg = Debug|Any CPU
		{F03307AD-707B-451C-9295-27D982069E85}.Ad-Hoc|iPhone.Build.0 = Debug|Any CPU
		{F03307AD-707B-451C-9295-27D982069E85}.Ad-Hoc|iPhoneSimulator.ActiveCfg = Debug|Any CPU
		{F03307AD-707B-451C-9295-27D982069E85}.Ad-Hoc|iPhoneSimulator.Build.0 = Debug|Any CPU
		{F03307AD-707B-451C-9295-27D982069E85}.AppStore|Any CPU.ActiveCfg = Debug|Any CPU
		{F03307AD-707B-451C-9295-27D982069E85}.AppStore|Any CPU.Build.0 = Debug|Any CPU
		{F03307AD-707B-451C-9295-27D982069E85}.AppStore|iPhone.ActiveCfg = Debug|Any CPU
		{F03307AD-707B-451C-9295-27D982069E85}.AppStore|iPhone.Build.0 = Debug|Any CPU
		{F03307AD-707B-451C-9295-27D982069E85}.AppStore|iPhoneSimulator.ActiveCfg = Debug|Any CPU
		{F03307AD-707B-451C-9295-27D982069E85}.AppStore|iPhoneSimulator.Build.0 = Debug|Any CPU
		{F03307AD-707B-451C-9295-27D982069E85}.Debug|Any CPU.ActiveCfg = Debug|Any CPU
		{F03307AD-707B-451C-9295-27D982069E85}.Debug|Any CPU.Build.0 = Debug|Any CPU
		{F03307AD-707B-451C-9295-27D982069E85}.Debug|iPhone.ActiveCfg = Debug|Any CPU
		{F03307AD-707B-451C-9295-27D982069E85}.Debug|iPhone.Build.0 = Debug|Any CPU
		{F03307AD-707B-451C-9295-27D982069E85}.Debug|iPhoneSimulator.ActiveCfg = Debug|Any CPU
		{F03307AD-707B-451C-9295-27D982069E85}.Debug|iPhoneSimulator.Build.0 = Debug|Any CPU
		{F03307AD-707B-451C-9295-27D982069E85}.Release|Any CPU.ActiveCfg = Release|Any CPU
		{F03307AD-707B-451C-9295-27D982069E85}.Release|Any CPU.Build.0 = Release|Any CPU
		{F03307AD-707B-451C-9295-27D982069E85}.Release|iPhone.ActiveCfg = Release|Any CPU
		{F03307AD-707B-451C-9295-27D982069E85}.Release|iPhone.Build.0 = Release|Any CPU
		{F03307AD-707B-451C-9295-27D982069E85}.Release|iPhoneSimulator.ActiveCfg = Release|Any CPU
		{F03307AD-707B-451C-9295-27D982069E85}.Release|iPhoneSimulator.Build.0 = Release|Any CPU
		{6DA05622-22ED-4D50-ABF0-0C30B54C3C7B}.Ad-Hoc|Any CPU.ActiveCfg = Release|Any CPU
		{6DA05622-22ED-4D50-ABF0-0C30B54C3C7B}.Ad-Hoc|Any CPU.Build.0 = Release|Any CPU
		{6DA05622-22ED-4D50-ABF0-0C30B54C3C7B}.Ad-Hoc|Any CPU.Deploy.0 = Release|Any CPU
		{6DA05622-22ED-4D50-ABF0-0C30B54C3C7B}.Ad-Hoc|iPhone.ActiveCfg = Release|Any CPU
		{6DA05622-22ED-4D50-ABF0-0C30B54C3C7B}.Ad-Hoc|iPhone.Build.0 = Release|Any CPU
		{6DA05622-22ED-4D50-ABF0-0C30B54C3C7B}.Ad-Hoc|iPhone.Deploy.0 = Release|Any CPU
		{6DA05622-22ED-4D50-ABF0-0C30B54C3C7B}.Ad-Hoc|iPhoneSimulator.ActiveCfg = Release|Any CPU
		{6DA05622-22ED-4D50-ABF0-0C30B54C3C7B}.Ad-Hoc|iPhoneSimulator.Build.0 = Release|Any CPU
		{6DA05622-22ED-4D50-ABF0-0C30B54C3C7B}.Ad-Hoc|iPhoneSimulator.Deploy.0 = Release|Any CPU
		{6DA05622-22ED-4D50-ABF0-0C30B54C3C7B}.AppStore|Any CPU.ActiveCfg = Release|Any CPU
		{6DA05622-22ED-4D50-ABF0-0C30B54C3C7B}.AppStore|Any CPU.Build.0 = Release|Any CPU
		{6DA05622-22ED-4D50-ABF0-0C30B54C3C7B}.AppStore|Any CPU.Deploy.0 = Release|Any CPU
		{6DA05622-22ED-4D50-ABF0-0C30B54C3C7B}.AppStore|iPhone.ActiveCfg = Release|Any CPU
		{6DA05622-22ED-4D50-ABF0-0C30B54C3C7B}.AppStore|iPhone.Build.0 = Release|Any CPU
		{6DA05622-22ED-4D50-ABF0-0C30B54C3C7B}.AppStore|iPhone.Deploy.0 = Release|Any CPU
		{6DA05622-22ED-4D50-ABF0-0C30B54C3C7B}.AppStore|iPhoneSimulator.ActiveCfg = Release|Any CPU
		{6DA05622-22ED-4D50-ABF0-0C30B54C3C7B}.AppStore|iPhoneSimulator.Build.0 = Release|Any CPU
		{6DA05622-22ED-4D50-ABF0-0C30B54C3C7B}.AppStore|iPhoneSimulator.Deploy.0 = Release|Any CPU
		{6DA05622-22ED-4D50-ABF0-0C30B54C3C7B}.Debug|Any CPU.ActiveCfg = Debug|Any CPU
		{6DA05622-22ED-4D50-ABF0-0C30B54C3C7B}.Debug|Any CPU.Build.0 = Debug|Any CPU
		{6DA05622-22ED-4D50-ABF0-0C30B54C3C7B}.Debug|Any CPU.Deploy.0 = Debug|Any CPU
		{6DA05622-22ED-4D50-ABF0-0C30B54C3C7B}.Debug|iPhone.ActiveCfg = Debug|Any CPU
		{6DA05622-22ED-4D50-ABF0-0C30B54C3C7B}.Debug|iPhone.Build.0 = Debug|Any CPU
		{6DA05622-22ED-4D50-ABF0-0C30B54C3C7B}.Debug|iPhone.Deploy.0 = Debug|Any CPU
		{6DA05622-22ED-4D50-ABF0-0C30B54C3C7B}.Debug|iPhoneSimulator.ActiveCfg = Debug|Any CPU
		{6DA05622-22ED-4D50-ABF0-0C30B54C3C7B}.Debug|iPhoneSimulator.Build.0 = Debug|Any CPU
		{6DA05622-22ED-4D50-ABF0-0C30B54C3C7B}.Debug|iPhoneSimulator.Deploy.0 = Debug|Any CPU
		{6DA05622-22ED-4D50-ABF0-0C30B54C3C7B}.Release|Any CPU.ActiveCfg = Release|Any CPU
		{6DA05622-22ED-4D50-ABF0-0C30B54C3C7B}.Release|Any CPU.Build.0 = Release|Any CPU
		{6DA05622-22ED-4D50-ABF0-0C30B54C3C7B}.Release|Any CPU.Deploy.0 = Release|Any CPU
		{6DA05622-22ED-4D50-ABF0-0C30B54C3C7B}.Release|iPhone.ActiveCfg = Release|Any CPU
		{6DA05622-22ED-4D50-ABF0-0C30B54C3C7B}.Release|iPhone.Build.0 = Release|Any CPU
		{6DA05622-22ED-4D50-ABF0-0C30B54C3C7B}.Release|iPhone.Deploy.0 = Release|Any CPU
		{6DA05622-22ED-4D50-ABF0-0C30B54C3C7B}.Release|iPhoneSimulator.ActiveCfg = Release|Any CPU
		{6DA05622-22ED-4D50-ABF0-0C30B54C3C7B}.Release|iPhoneSimulator.Build.0 = Release|Any CPU
		{6DA05622-22ED-4D50-ABF0-0C30B54C3C7B}.Release|iPhoneSimulator.Deploy.0 = Release|Any CPU
		{574B090F-A24C-4A51-A4C0-49DA0958B39A}.Ad-Hoc|Any CPU.ActiveCfg = Ad-Hoc|iPhone
		{574B090F-A24C-4A51-A4C0-49DA0958B39A}.Ad-Hoc|iPhone.ActiveCfg = Ad-Hoc|iPhone
		{574B090F-A24C-4A51-A4C0-49DA0958B39A}.Ad-Hoc|iPhone.Build.0 = Ad-Hoc|iPhone
		{574B090F-A24C-4A51-A4C0-49DA0958B39A}.Ad-Hoc|iPhoneSimulator.ActiveCfg = Ad-Hoc|iPhoneSimulator
		{574B090F-A24C-4A51-A4C0-49DA0958B39A}.Ad-Hoc|iPhoneSimulator.Build.0 = Ad-Hoc|iPhoneSimulator
		{574B090F-A24C-4A51-A4C0-49DA0958B39A}.AppStore|Any CPU.ActiveCfg = AppStore|iPhone
		{574B090F-A24C-4A51-A4C0-49DA0958B39A}.AppStore|iPhone.ActiveCfg = AppStore|iPhone
		{574B090F-A24C-4A51-A4C0-49DA0958B39A}.AppStore|iPhone.Build.0 = AppStore|iPhone
		{574B090F-A24C-4A51-A4C0-49DA0958B39A}.AppStore|iPhoneSimulator.ActiveCfg = AppStore|iPhoneSimulator
		{574B090F-A24C-4A51-A4C0-49DA0958B39A}.AppStore|iPhoneSimulator.Build.0 = AppStore|iPhoneSimulator
		{574B090F-A24C-4A51-A4C0-49DA0958B39A}.Debug|Any CPU.ActiveCfg = Debug|iPhone
		{574B090F-A24C-4A51-A4C0-49DA0958B39A}.Debug|iPhone.ActiveCfg = Debug|iPhone
		{574B090F-A24C-4A51-A4C0-49DA0958B39A}.Debug|iPhone.Build.0 = Debug|iPhone
		{574B090F-A24C-4A51-A4C0-49DA0958B39A}.Debug|iPhoneSimulator.ActiveCfg = Debug|iPhoneSimulator
		{574B090F-A24C-4A51-A4C0-49DA0958B39A}.Debug|iPhoneSimulator.Build.0 = Debug|iPhoneSimulator
		{574B090F-A24C-4A51-A4C0-49DA0958B39A}.Release|Any CPU.ActiveCfg = Release|iPhone
		{574B090F-A24C-4A51-A4C0-49DA0958B39A}.Release|iPhone.ActiveCfg = Release|iPhone
		{574B090F-A24C-4A51-A4C0-49DA0958B39A}.Release|iPhone.Build.0 = Release|iPhone
		{574B090F-A24C-4A51-A4C0-49DA0958B39A}.Release|iPhoneSimulator.ActiveCfg = Release|iPhoneSimulator
		{574B090F-A24C-4A51-A4C0-49DA0958B39A}.Release|iPhoneSimulator.Build.0 = Release|iPhoneSimulator
		{37CCB109-C1FB-4F0F-863C-4249E08DF003}.Ad-Hoc|Any CPU.ActiveCfg = Release|Any CPU
		{37CCB109-C1FB-4F0F-863C-4249E08DF003}.Ad-Hoc|Any CPU.Build.0 = Release|Any CPU
		{37CCB109-C1FB-4F0F-863C-4249E08DF003}.Ad-Hoc|Any CPU.Deploy.0 = Release|Any CPU
		{37CCB109-C1FB-4F0F-863C-4249E08DF003}.Ad-Hoc|iPhone.ActiveCfg = Release|Any CPU
		{37CCB109-C1FB-4F0F-863C-4249E08DF003}.Ad-Hoc|iPhone.Build.0 = Release|Any CPU
		{37CCB109-C1FB-4F0F-863C-4249E08DF003}.Ad-Hoc|iPhone.Deploy.0 = Release|Any CPU
		{37CCB109-C1FB-4F0F-863C-4249E08DF003}.Ad-Hoc|iPhoneSimulator.ActiveCfg = Release|Any CPU
		{37CCB109-C1FB-4F0F-863C-4249E08DF003}.Ad-Hoc|iPhoneSimulator.Build.0 = Release|Any CPU
		{37CCB109-C1FB-4F0F-863C-4249E08DF003}.Ad-Hoc|iPhoneSimulator.Deploy.0 = Release|Any CPU
		{37CCB109-C1FB-4F0F-863C-4249E08DF003}.AppStore|Any CPU.ActiveCfg = Release|Any CPU
		{37CCB109-C1FB-4F0F-863C-4249E08DF003}.AppStore|Any CPU.Build.0 = Release|Any CPU
		{37CCB109-C1FB-4F0F-863C-4249E08DF003}.AppStore|Any CPU.Deploy.0 = Release|Any CPU
		{37CCB109-C1FB-4F0F-863C-4249E08DF003}.AppStore|iPhone.ActiveCfg = Release|Any CPU
		{37CCB109-C1FB-4F0F-863C-4249E08DF003}.AppStore|iPhone.Build.0 = Release|Any CPU
		{37CCB109-C1FB-4F0F-863C-4249E08DF003}.AppStore|iPhone.Deploy.0 = Release|Any CPU
		{37CCB109-C1FB-4F0F-863C-4249E08DF003}.AppStore|iPhoneSimulator.ActiveCfg = Release|Any CPU
		{37CCB109-C1FB-4F0F-863C-4249E08DF003}.AppStore|iPhoneSimulator.Build.0 = Release|Any CPU
		{37CCB109-C1FB-4F0F-863C-4249E08DF003}.AppStore|iPhoneSimulator.Deploy.0 = Release|Any CPU
		{37CCB109-C1FB-4F0F-863C-4249E08DF003}.Debug|Any CPU.ActiveCfg = Debug|Any CPU
		{37CCB109-C1FB-4F0F-863C-4249E08DF003}.Debug|Any CPU.Build.0 = Debug|Any CPU
		{37CCB109-C1FB-4F0F-863C-4249E08DF003}.Debug|Any CPU.Deploy.0 = Debug|Any CPU
		{37CCB109-C1FB-4F0F-863C-4249E08DF003}.Debug|iPhone.ActiveCfg = Debug|Any CPU
		{37CCB109-C1FB-4F0F-863C-4249E08DF003}.Debug|iPhone.Build.0 = Debug|Any CPU
		{37CCB109-C1FB-4F0F-863C-4249E08DF003}.Debug|iPhone.Deploy.0 = Debug|Any CPU
		{37CCB109-C1FB-4F0F-863C-4249E08DF003}.Debug|iPhoneSimulator.ActiveCfg = Debug|Any CPU
		{37CCB109-C1FB-4F0F-863C-4249E08DF003}.Debug|iPhoneSimulator.Build.0 = Debug|Any CPU
		{37CCB109-C1FB-4F0F-863C-4249E08DF003}.Debug|iPhoneSimulator.Deploy.0 = Debug|Any CPU
		{37CCB109-C1FB-4F0F-863C-4249E08DF003}.Release|Any CPU.ActiveCfg = Release|Any CPU
		{37CCB109-C1FB-4F0F-863C-4249E08DF003}.Release|Any CPU.Build.0 = Release|Any CPU
		{37CCB109-C1FB-4F0F-863C-4249E08DF003}.Release|Any CPU.Deploy.0 = Release|Any CPU
		{37CCB109-C1FB-4F0F-863C-4249E08DF003}.Release|iPhone.ActiveCfg = Release|Any CPU
		{37CCB109-C1FB-4F0F-863C-4249E08DF003}.Release|iPhone.Build.0 = Release|Any CPU
		{37CCB109-C1FB-4F0F-863C-4249E08DF003}.Release|iPhone.Deploy.0 = Release|Any CPU
		{37CCB109-C1FB-4F0F-863C-4249E08DF003}.Release|iPhoneSimulator.ActiveCfg = Release|Any CPU
		{37CCB109-C1FB-4F0F-863C-4249E08DF003}.Release|iPhoneSimulator.Build.0 = Release|Any CPU
		{37CCB109-C1FB-4F0F-863C-4249E08DF003}.Release|iPhoneSimulator.Deploy.0 = Release|Any CPU
		{BD28F343-DE44-486B-BF5F-EE08A543B700}.Ad-Hoc|Any CPU.ActiveCfg = Release|iPhone
		{BD28F343-DE44-486B-BF5F-EE08A543B700}.Ad-Hoc|Any CPU.Build.0 = Release|iPhone
		{BD28F343-DE44-486B-BF5F-EE08A543B700}.Ad-Hoc|iPhone.ActiveCfg = Release|iPhone
		{BD28F343-DE44-486B-BF5F-EE08A543B700}.Ad-Hoc|iPhone.Build.0 = Release|iPhone
		{BD28F343-DE44-486B-BF5F-EE08A543B700}.Ad-Hoc|iPhoneSimulator.ActiveCfg = Release|iPhoneSimulator
		{BD28F343-DE44-486B-BF5F-EE08A543B700}.Ad-Hoc|iPhoneSimulator.Build.0 = Release|iPhoneSimulator
		{BD28F343-DE44-486B-BF5F-EE08A543B700}.AppStore|Any CPU.ActiveCfg = Release|iPhone
		{BD28F343-DE44-486B-BF5F-EE08A543B700}.AppStore|Any CPU.Build.0 = Release|iPhone
		{BD28F343-DE44-486B-BF5F-EE08A543B700}.AppStore|iPhone.ActiveCfg = Release|iPhone
		{BD28F343-DE44-486B-BF5F-EE08A543B700}.AppStore|iPhone.Build.0 = Release|iPhone
		{BD28F343-DE44-486B-BF5F-EE08A543B700}.AppStore|iPhoneSimulator.ActiveCfg = Release|iPhoneSimulator
		{BD28F343-DE44-486B-BF5F-EE08A543B700}.AppStore|iPhoneSimulator.Build.0 = Release|iPhoneSimulator
		{BD28F343-DE44-486B-BF5F-EE08A543B700}.Debug|Any CPU.ActiveCfg = Debug|iPhone
		{BD28F343-DE44-486B-BF5F-EE08A543B700}.Debug|iPhone.ActiveCfg = Debug|iPhone
		{BD28F343-DE44-486B-BF5F-EE08A543B700}.Debug|iPhone.Build.0 = Debug|iPhone
		{BD28F343-DE44-486B-BF5F-EE08A543B700}.Debug|iPhoneSimulator.ActiveCfg = Debug|iPhoneSimulator
		{BD28F343-DE44-486B-BF5F-EE08A543B700}.Debug|iPhoneSimulator.Build.0 = Debug|iPhoneSimulator
		{BD28F343-DE44-486B-BF5F-EE08A543B700}.Release|Any CPU.ActiveCfg = Release|iPhone
		{BD28F343-DE44-486B-BF5F-EE08A543B700}.Release|iPhone.ActiveCfg = Release|iPhone
		{BD28F343-DE44-486B-BF5F-EE08A543B700}.Release|iPhone.Build.0 = Release|iPhone
		{BD28F343-DE44-486B-BF5F-EE08A543B700}.Release|iPhoneSimulator.ActiveCfg = Release|iPhoneSimulator
		{BD28F343-DE44-486B-BF5F-EE08A543B700}.Release|iPhoneSimulator.Build.0 = Release|iPhoneSimulator
	EndGlobalSection
	GlobalSection(SolutionProperties) = preSolution
		HideSolutionNode = FALSE
	EndGlobalSection
	GlobalSection(ExtensibilityGlobals) = postSolution
		SolutionGuid = {5D77055B-696C-423E-874F-D12316D70037}
	EndGlobalSection
EndGlobal
